
Microsoft Visual Studio Solution File, Format Version 12.00
# Visual Studio Version 17
VisualStudioVersion = 17.1.32228.430
MinimumVisualStudioVersion = 10.0.40219.1
Project("{8BC9CEB8-8B4A-11D0-8D11-00A0C91BC942}") = "MouseClickEvent", "MouseClickEvent\MouseClickEvent.vcxproj", "{B2EF81D3-0E8B-4E00-9C28-22A24C2904F9}"
EndProject
Global
	GlobalSection(SolutionConfigurationPlatforms) = preSolution
		Debug|x64 = Debug|x64
		Debug|x86 = Debug|x86
		Release|x64 = Release|x64
		Release|x86 = Release|x86
	EndGlobalSection
	GlobalSection(ProjectConfigurationPlatforms) = postSolution
		{B2EF81D3-0E8B-4E00-9C28-22A24C2904F9}.Debug|x64.ActiveCfg = Debug|x64
		{B2EF81D3-0E8B-4E00-9C28-22A24C2904F9}.Debug|x64.Build.0 = Debug|x64
		{B2EF81D3-0E8B-4E00-9C28-22A24C2904F9}.Debug|x86.ActiveCfg = Debug|Win32
		{B2EF81D3-0E8B-4E00-9C28-22A24C2904F9}.Debug|x86.Build.0 = Debug|Win32
		{B2EF81D3-0E8B-4E00-9C28-22A24C2904F9}.Release|x64.ActiveCfg = Release|x64
		{B2EF81D3-0E8B-4E00-9C28-22A24C2904F9}.Release|x64.Build.0 = Release|x64
		{B2EF81D3-0E8B-4E00-9C28-22A24C2904F9}.Release|x86.ActiveCfg = Release|Win32
		{B2EF81D3-0E8B-4E00-9C28-22A24C2904F9}.Release|x86.Build.0 = Release|Win32
	EndGlobalSection
	GlobalSection(SolutionProperties) = preSolution
		HideSolutionNode = FALSE
	EndGlobalSection
	GlobalSection(ExtensibilityGlobals) = postSolution
		SolutionGuid = {6301592B-5B63-4085-BBBA-A269EEC18522}
	EndGlobalSection
EndGlobal
